
Microsoft Visual Studio Solution File, Format Version 12.00
# Visual Studio 15
VisualStudioVersion = 15.0.27428.2037
MinimumVisualStudioVersion = 10.0.40219.1
Project("{9A19103F-16F7-4668-BE54-9A1E7A4F7556}") = "WebApplication1", "WebApplication1.csproj", "{5C706EB6-A9BB-4894-A621-374FCC48FE05}"
EndProject
Project("{FAE04EC0-301F-11D3-BF4B-00C04F79EFBC}") = "DomainModel", "DomainModel\DomainModel.csproj", "{7D7AD76E-FF50-449C-8039-7FC6FEFFB42A}"
EndProject
Project("{FAE04EC0-301F-11D3-BF4B-00C04F79EFBC}") = "Data.EF", "Data.EF\Data.EF.csproj", "{58FFB1EE-0B98-43EF-BAB6-D8A65286CC36}"
EndProject
Global
	GlobalSection(SolutionConfigurationPlatforms) = preSolution
		Debug|Any CPU = Debug|Any CPU
		Release|Any CPU = Release|Any CPU
	EndGlobalSection
	GlobalSection(ProjectConfigurationPlatforms) = postSolution
		{5C706EB6-A9BB-4894-A621-374FCC48FE05}.Debug|Any CPU.ActiveCfg = Debug|Any CPU
		{5C706EB6-A9BB-4894-A621-374FCC48FE05}.Debug|Any CPU.Build.0 = Debug|Any CPU
		{5C706EB6-A9BB-4894-A621-374FCC48FE05}.Release|Any CPU.ActiveCfg = Release|Any CPU
		{5C706EB6-A9BB-4894-A621-374FCC48FE05}.Release|Any CPU.Build.0 = Release|Any CPU
		{7D7AD76E-FF50-449C-8039-7FC6FEFFB42A}.Debug|Any CPU.ActiveCfg = Debug|Any CPU
		{7D7AD76E-FF50-449C-8039-7FC6FEFFB42A}.Debug|Any CPU.Build.0 = Debug|Any CPU
		{7D7AD76E-FF50-449C-8039-7FC6FEFFB42A}.Release|Any CPU.ActiveCfg = Release|Any CPU
		{7D7AD76E-FF50-449C-8039-7FC6FEFFB42A}.Release|Any CPU.Build.0 = Release|Any CPU
		{58FFB1EE-0B98-43EF-BAB6-D8A65286CC36}.Debug|Any CPU.ActiveCfg = Debug|Any CPU
		{58FFB1EE-0B98-43EF-BAB6-D8A65286CC36}.Debug|Any CPU.Build.0 = Debug|Any CPU
		{58FFB1EE-0B98-43EF-BAB6-D8A65286CC36}.Release|Any CPU.ActiveCfg = Release|Any CPU
		{58FFB1EE-0B98-43EF-BAB6-D8A65286CC36}.Release|Any CPU.Build.0 = Release|Any CPU
	EndGlobalSection
	GlobalSection(SolutionProperties) = preSolution
		HideSolutionNode = FALSE
	EndGlobalSection
	GlobalSection(ExtensibilityGlobals) = postSolution
		SolutionGuid = {62E3EFBE-A213-49B1-B6B4-84E86AA8F6C0}
	EndGlobalSection
EndGlobal
